
Microsoft Visual Studio Solution File, Format Version 12.00
# Visual Web Developer Express 2010
Project("{FAE04EC0-301F-11D3-BF4B-00C04F79EFBC}") = "Arisoph.Web.UI", "Arisoph.Web.UI\Arisoph.Web.UI.csproj", "{42B541A3-8596-4BB0-B424-4C50C2DC599B}"
EndProject
Project("{FAE04EC0-301F-11D3-BF4B-00C04F79EFBC}") = "Arisoph.Web.Framework", "Arisoph.Web.Framework\Arisoph.Web.Framework.csproj", "{9436AB25-03D3-49C8-BD67-703FAE73E691}"
EndProject
Project("{FAE04EC0-301F-11D3-BF4B-00C04F79EFBC}") = "Arisoph.DAL.DomainObject", "Arisoph.DAL.DomainObject\Arisoph.DAL.DomainObject.csproj", "{AD77D8D0-A811-46E7-907E-20B87B256BD7}"
EndProject
Project("{FAE04EC0-301F-11D3-BF4B-00C04F79EFBC}") = "Arisoph.DAL.Common", "Arisoph.DAL.Common\Arisoph.DAL.Common.csproj", "{8521576E-D60B-4541-9E8B-67DD5A270BA9}"
EndProject
Project("{FAE04EC0-301F-11D3-BF4B-00C04F79EFBC}") = "AmazonAWS", "AmazonAWS\AmazonAWS.csproj", "{D70F39F4-CAAD-48C3-88D0-4B696D0514B9}"
EndProject
Global
	GlobalSection(SolutionConfigurationPlatforms) = preSolution
		Debug|Any CPU = Debug|Any CPU
		Release|Any CPU = Release|Any CPU
	EndGlobalSection
	GlobalSection(ProjectConfigurationPlatforms) = postSolution
		{42B541A3-8596-4BB0-B424-4C50C2DC599B}.Debug|Any CPU.ActiveCfg = Debug|Any CPU
		{42B541A3-8596-4BB0-B424-4C50C2DC599B}.Debug|Any CPU.Build.0 = Debug|Any CPU
		{42B541A3-8596-4BB0-B424-4C50C2DC599B}.Release|Any CPU.ActiveCfg = Release|Any CPU
		{42B541A3-8596-4BB0-B424-4C50C2DC599B}.Release|Any CPU.Build.0 = Release|Any CPU
		{9436AB25-03D3-49C8-BD67-703FAE73E691}.Debug|Any CPU.ActiveCfg = Debug|Any CPU
		{9436AB25-03D3-49C8-BD67-703FAE73E691}.Debug|Any CPU.Build.0 = Debug|Any CPU
		{9436AB25-03D3-49C8-BD67-703FAE73E691}.Release|Any CPU.ActiveCfg = Release|Any CPU
		{9436AB25-03D3-49C8-BD67-703FAE73E691}.Release|Any CPU.Build.0 = Release|Any CPU
		{AD77D8D0-A811-46E7-907E-20B87B256BD7}.Debug|Any CPU.ActiveCfg = Debug|Any CPU
		{AD77D8D0-A811-46E7-907E-20B87B256BD7}.Debug|Any CPU.Build.0 = Debug|Any CPU
		{AD77D8D0-A811-46E7-907E-20B87B256BD7}.Release|Any CPU.ActiveCfg = Release|Any CPU
		{AD77D8D0-A811-46E7-907E-20B87B256BD7}.Release|Any CPU.Build.0 = Release|Any CPU
		{8521576E-D60B-4541-9E8B-67DD5A270BA9}.Debug|Any CPU.ActiveCfg = Debug|Any CPU
		{8521576E-D60B-4541-9E8B-67DD5A270BA9}.Debug|Any CPU.Build.0 = Debug|Any CPU
		{8521576E-D60B-4541-9E8B-67DD5A270BA9}.Release|Any CPU.ActiveCfg = Release|Any CPU
		{8521576E-D60B-4541-9E8B-67DD5A270BA9}.Release|Any CPU.Build.0 = Release|Any CPU
		{D70F39F4-CAAD-48C3-88D0-4B696D0514B9}.Debug|Any CPU.ActiveCfg = Debug|Any CPU
		{D70F39F4-CAAD-48C3-88D0-4B696D0514B9}.Debug|Any CPU.Build.0 = Debug|Any CPU
		{D70F39F4-CAAD-48C3-88D0-4B696D0514B9}.Release|Any CPU.ActiveCfg = Release|Any CPU
		{D70F39F4-CAAD-48C3-88D0-4B696D0514B9}.Release|Any CPU.Build.0 = Release|Any CPU
	EndGlobalSection
	GlobalSection(SolutionProperties) = preSolution
		HideSolutionNode = FALSE
	EndGlobalSection
	GlobalSection(NestedProjects) = preSolution
		{8E2C82FD-6DA3-4335-BF19-ED9106F8857B} = {B7C2228D-8B54-42FD-92C6-74686A69C86B}
		{42B541A3-8596-4BB0-B424-4C50C2DC599B} = {B7C2228D-8B54-42FD-92C6-74686A69C86B}
		{9436AB25-03D3-49C8-BD67-703FAE73E691} = {B7C2228D-8B54-42FD-92C6-74686A69C86B}
		{49AFC1F6-6371-4276-8E3D-DBDED482378B} = {8E2C82FD-6DA3-4335-BF19-ED9106F8857B}
		{537D694A-6DFC-495F-BCE7-EC6AE09EAC8D} = {87FA7E7B-146C-4B83-A194-DF3BD175A934}
		{AD77D8D0-A811-46E7-907E-20B87B256BD7} = {A0AC8636-A671-4521-AA90-D5EAB5C05F04}
		{1592923B-8CA1-4278-9770-E032035825C3} = {A0AC8636-A671-4521-AA90-D5EAB5C05F04}
	EndGlobalSection
EndGlobal
