
Microsoft Visual Studio Solution File, Format Version 12.00
# Visual Studio 2012
Project("{FAE04EC0-301F-11D3-BF4B-00C04F79EFBC}") = "Arisoph.Web.UI", "Arisoph.Web.UI\Arisoph.Web.UI.csproj", "{42B541A3-8596-4BB0-B424-4C50C2DC599B}"
EndProject
Project("{FAE04EC0-301F-11D3-BF4B-00C04F79EFBC}") = "Arisoph.Web.UI.Tests", "Arisoph.Web.UI.Tests\Arisoph.Web.UI.Tests.csproj", "{49AFC1F6-6371-4276-8E3D-DBDED482378B}"
EndProject
Project("{2150E333-8FDC-42A3-9474-1A3956D46DE8}") = "Arisoph.Presentation", "Arisoph.Presentation", "{B7C2228D-8B54-42FD-92C6-74686A69C86B}"
EndProject
Project("{2150E333-8FDC-42A3-9474-1A3956D46DE8}") = "Arisoph.Services", "Arisoph.Services", "{87FA7E7B-146C-4B83-A194-DF3BD175A934}"
EndProject
Project("{2150E333-8FDC-42A3-9474-1A3956D46DE8}") = "Arisoph.DAL", "Arisoph.DAL", "{A0AC8636-A671-4521-AA90-D5EAB5C05F04}"
EndProject
Project("{FAE04EC0-301F-11D3-BF4B-00C04F79EFBC}") = "Arisoph.Web.Framework", "Arisoph.Web.Framework\Arisoph.Web.Framework.csproj", "{9436AB25-03D3-49C8-BD67-703FAE73E691}"
EndProject
Project("{FAE04EC0-301F-11D3-BF4B-00C04F79EFBC}") = "Arisoph.DAL.DomainObject", "Arisoph.DAL.DomainObject\Arisoph.DAL.DomainObject.csproj", "{AD77D8D0-A811-46E7-907E-20B87B256BD7}"
EndProject
Project("{2150E333-8FDC-42A3-9474-1A3956D46DE8}") = "Test", "Test", "{8E2C82FD-6DA3-4335-BF19-ED9106F8857B}"
EndProject
Project("{2150E333-8FDC-42A3-9474-1A3956D46DE8}") = "Test", "Test", "{537D694A-6DFC-495F-BCE7-EC6AE09EAC8D}"
EndProject
Project("{2150E333-8FDC-42A3-9474-1A3956D46DE8}") = "Test", "Test", "{1592923B-8CA1-4278-9770-E032035825C3}"
	ProjectSection(SolutionItems) = preProject
		AmazonAWS\ProductLoader.cs = AmazonAWS\ProductLoader.cs
	EndProjectSection
EndProject
Project("{2150E333-8FDC-42A3-9474-1A3956D46DE8}") = "WebServices", "WebServices", "{D804EA8E-C4C0-4A63-8332-6CBC3D21FDC6}"
EndProject
Project("{FAE04EC0-301F-11D3-BF4B-00C04F79EFBC}") = "Arisoph.DAL.Amazon.AWS", "AmazonAWS\Arisoph.DAL.Amazon.AWS.csproj", "{D70F39F4-CAAD-48C3-88D0-4B696D0514B9}"
EndProject
Project("{FAE04EC0-301F-11D3-BF4B-00C04F79EFBC}") = "Arisoph.DAL.Common", "Arisoph.DAL.Common\Arisoph.DAL.Common.csproj", "{8521576E-D60B-4541-9E8B-67DD5A270BA9}"
EndProject
Project("{FAE04EC0-301F-11D3-BF4B-00C04F79EFBC}") = "Arisoph.Service.API.Framework", "Arisoph.Service.API.Framework\Arisoph.Service.API.Framework.csproj", "{6B07BC39-081F-4D1D-9348-C5C630C22400}"
EndProject
Project("{FAE04EC0-301F-11D3-BF4B-00C04F79EFBC}") = "Arisoph.Service.API", "Arisoph.Service.API\Arisoph.Service.API.csproj", "{76A95FFA-D13E-441F-A0ED-5258388E99DE}"
EndProject
Project("{FAE04EC0-301F-11D3-BF4B-00C04F79EFBC}") = "Arisoph.Service.API.Tests", "Arisoph.Service.API.Tests\Arisoph.Service.API.Tests.csproj", "{20318E16-F8F4-4268-A7BC-F5AB1947A9AE}"
EndProject
Project("{2150E333-8FDC-42A3-9474-1A3956D46DE8}") = "Arisoph", "Arisoph", "{FE844755-2F2A-48E2-989E-DFA8C8B5E460}"
EndProject
Project("{FAE04EC0-301F-11D3-BF4B-00C04F79EFBC}") = "Arisoph.Common", "Arisoph.Common\Arisoph.Common.csproj", "{986172F7-AB91-4163-A1BC-CD1F0115B5D1}"
EndProject
Global
	GlobalSection(SolutionConfigurationPlatforms) = preSolution
		Debug|Any CPU = Debug|Any CPU
		Release|Any CPU = Release|Any CPU
	EndGlobalSection
	GlobalSection(ProjectConfigurationPlatforms) = postSolution
		{42B541A3-8596-4BB0-B424-4C50C2DC599B}.Debug|Any CPU.ActiveCfg = Debug|Any CPU
		{42B541A3-8596-4BB0-B424-4C50C2DC599B}.Debug|Any CPU.Build.0 = Debug|Any CPU
		{42B541A3-8596-4BB0-B424-4C50C2DC599B}.Release|Any CPU.ActiveCfg = Release|Any CPU
		{42B541A3-8596-4BB0-B424-4C50C2DC599B}.Release|Any CPU.Build.0 = Release|Any CPU
		{49AFC1F6-6371-4276-8E3D-DBDED482378B}.Debug|Any CPU.ActiveCfg = Debug|Any CPU
		{49AFC1F6-6371-4276-8E3D-DBDED482378B}.Debug|Any CPU.Build.0 = Debug|Any CPU
		{49AFC1F6-6371-4276-8E3D-DBDED482378B}.Release|Any CPU.ActiveCfg = Release|Any CPU
		{49AFC1F6-6371-4276-8E3D-DBDED482378B}.Release|Any CPU.Build.0 = Release|Any CPU
		{9436AB25-03D3-49C8-BD67-703FAE73E691}.Debug|Any CPU.ActiveCfg = Debug|Any CPU
		{9436AB25-03D3-49C8-BD67-703FAE73E691}.Debug|Any CPU.Build.0 = Debug|Any CPU
		{9436AB25-03D3-49C8-BD67-703FAE73E691}.Release|Any CPU.ActiveCfg = Release|Any CPU
		{9436AB25-03D3-49C8-BD67-703FAE73E691}.Release|Any CPU.Build.0 = Release|Any CPU
		{AD77D8D0-A811-46E7-907E-20B87B256BD7}.Debug|Any CPU.ActiveCfg = Debug|Any CPU
		{AD77D8D0-A811-46E7-907E-20B87B256BD7}.Debug|Any CPU.Build.0 = Debug|Any CPU
		{AD77D8D0-A811-46E7-907E-20B87B256BD7}.Release|Any CPU.ActiveCfg = Release|Any CPU
		{AD77D8D0-A811-46E7-907E-20B87B256BD7}.Release|Any CPU.Build.0 = Release|Any CPU
		{D70F39F4-CAAD-48C3-88D0-4B696D0514B9}.Debug|Any CPU.ActiveCfg = Debug|Any CPU
		{D70F39F4-CAAD-48C3-88D0-4B696D0514B9}.Debug|Any CPU.Build.0 = Debug|Any CPU
		{D70F39F4-CAAD-48C3-88D0-4B696D0514B9}.Release|Any CPU.ActiveCfg = Release|Any CPU
		{D70F39F4-CAAD-48C3-88D0-4B696D0514B9}.Release|Any CPU.Build.0 = Release|Any CPU
		{8521576E-D60B-4541-9E8B-67DD5A270BA9}.Debug|Any CPU.ActiveCfg = Debug|Any CPU
		{8521576E-D60B-4541-9E8B-67DD5A270BA9}.Debug|Any CPU.Build.0 = Debug|Any CPU
		{8521576E-D60B-4541-9E8B-67DD5A270BA9}.Release|Any CPU.ActiveCfg = Release|Any CPU
		{8521576E-D60B-4541-9E8B-67DD5A270BA9}.Release|Any CPU.Build.0 = Release|Any CPU
		{6B07BC39-081F-4D1D-9348-C5C630C22400}.Debug|Any CPU.ActiveCfg = Debug|Any CPU
		{6B07BC39-081F-4D1D-9348-C5C630C22400}.Debug|Any CPU.Build.0 = Debug|Any CPU
		{6B07BC39-081F-4D1D-9348-C5C630C22400}.Release|Any CPU.ActiveCfg = Release|Any CPU
		{6B07BC39-081F-4D1D-9348-C5C630C22400}.Release|Any CPU.Build.0 = Release|Any CPU
		{76A95FFA-D13E-441F-A0ED-5258388E99DE}.Debug|Any CPU.ActiveCfg = Debug|Any CPU
		{76A95FFA-D13E-441F-A0ED-5258388E99DE}.Debug|Any CPU.Build.0 = Debug|Any CPU
		{76A95FFA-D13E-441F-A0ED-5258388E99DE}.Release|Any CPU.ActiveCfg = Release|Any CPU
		{76A95FFA-D13E-441F-A0ED-5258388E99DE}.Release|Any CPU.Build.0 = Release|Any CPU
		{20318E16-F8F4-4268-A7BC-F5AB1947A9AE}.Debug|Any CPU.ActiveCfg = Debug|Any CPU
		{20318E16-F8F4-4268-A7BC-F5AB1947A9AE}.Debug|Any CPU.Build.0 = Debug|Any CPU
		{20318E16-F8F4-4268-A7BC-F5AB1947A9AE}.Release|Any CPU.ActiveCfg = Release|Any CPU
		{20318E16-F8F4-4268-A7BC-F5AB1947A9AE}.Release|Any CPU.Build.0 = Release|Any CPU
		{986172F7-AB91-4163-A1BC-CD1F0115B5D1}.Debug|Any CPU.ActiveCfg = Debug|Any CPU
		{986172F7-AB91-4163-A1BC-CD1F0115B5D1}.Debug|Any CPU.Build.0 = Debug|Any CPU
		{986172F7-AB91-4163-A1BC-CD1F0115B5D1}.Release|Any CPU.ActiveCfg = Release|Any CPU
		{986172F7-AB91-4163-A1BC-CD1F0115B5D1}.Release|Any CPU.Build.0 = Release|Any CPU
	EndGlobalSection
	GlobalSection(SolutionProperties) = preSolution
		HideSolutionNode = FALSE
	EndGlobalSection
	GlobalSection(NestedProjects) = preSolution
		{8E2C82FD-6DA3-4335-BF19-ED9106F8857B} = {B7C2228D-8B54-42FD-92C6-74686A69C86B}
		{42B541A3-8596-4BB0-B424-4C50C2DC599B} = {B7C2228D-8B54-42FD-92C6-74686A69C86B}
		{9436AB25-03D3-49C8-BD67-703FAE73E691} = {B7C2228D-8B54-42FD-92C6-74686A69C86B}
		{49AFC1F6-6371-4276-8E3D-DBDED482378B} = {8E2C82FD-6DA3-4335-BF19-ED9106F8857B}
		{537D694A-6DFC-495F-BCE7-EC6AE09EAC8D} = {87FA7E7B-146C-4B83-A194-DF3BD175A934}
		{6B07BC39-081F-4D1D-9348-C5C630C22400} = {87FA7E7B-146C-4B83-A194-DF3BD175A934}
		{76A95FFA-D13E-441F-A0ED-5258388E99DE} = {87FA7E7B-146C-4B83-A194-DF3BD175A934}
		{AD77D8D0-A811-46E7-907E-20B87B256BD7} = {A0AC8636-A671-4521-AA90-D5EAB5C05F04}
		{1592923B-8CA1-4278-9770-E032035825C3} = {A0AC8636-A671-4521-AA90-D5EAB5C05F04}
		{D804EA8E-C4C0-4A63-8332-6CBC3D21FDC6} = {A0AC8636-A671-4521-AA90-D5EAB5C05F04}
		{8521576E-D60B-4541-9E8B-67DD5A270BA9} = {A0AC8636-A671-4521-AA90-D5EAB5C05F04}
		{20318E16-F8F4-4268-A7BC-F5AB1947A9AE} = {537D694A-6DFC-495F-BCE7-EC6AE09EAC8D}
		{D70F39F4-CAAD-48C3-88D0-4B696D0514B9} = {D804EA8E-C4C0-4A63-8332-6CBC3D21FDC6}
		{986172F7-AB91-4163-A1BC-CD1F0115B5D1} = {FE844755-2F2A-48E2-989E-DFA8C8B5E460}
	EndGlobalSection
EndGlobal
